
Microsoft Visual Studio Solution File, Format Version 12.00
# Visual Studio Version 17
VisualStudioVersion = 17.8.34330.188
MinimumVisualStudioVersion = 10.0.40219.1
Project("{FAE04EC0-301F-11D3-BF4B-00C04F79EFBC}") = "UDPServer", "UDPServer\UDPServer.csproj", "{F552AFE8-E18E-4CAC-A748-7A116394C748}"
EndProject
Project("{FAE04EC0-301F-11D3-BF4B-00C04F79EFBC}") = "UDPClient", "UDPClient\UDPClient.csproj", "{2485DFEA-5F04-4350-97DA-9F8B62C9BCA2}"
EndProject
Global
	GlobalSection(SolutionConfigurationPlatforms) = preSolution
		Debug|Any CPU = Debug|Any CPU
		Release|Any CPU = Release|Any CPU
	EndGlobalSection
	GlobalSection(ProjectConfigurationPlatforms) = postSolution
		{F552AFE8-E18E-4CAC-A748-7A116394C748}.Debug|Any CPU.ActiveCfg = Debug|Any CPU
		{F552AFE8-E18E-4CAC-A748-7A116394C748}.Debug|Any CPU.Build.0 = Debug|Any CPU
		{F552AFE8-E18E-4CAC-A748-7A116394C748}.Release|Any CPU.ActiveCfg = Release|Any CPU
		{F552AFE8-E18E-4CAC-A748-7A116394C748}.Release|Any CPU.Build.0 = Release|Any CPU
		{2485DFEA-5F04-4350-97DA-9F8B62C9BCA2}.Debug|Any CPU.ActiveCfg = Debug|Any CPU
		{2485DFEA-5F04-4350-97DA-9F8B62C9BCA2}.Debug|Any CPU.Build.0 = Debug|Any CPU
		{2485DFEA-5F04-4350-97DA-9F8B62C9BCA2}.Release|Any CPU.ActiveCfg = Release|Any CPU
		{2485DFEA-5F04-4350-97DA-9F8B62C9BCA2}.Release|Any CPU.Build.0 = Release|Any CPU
	EndGlobalSection
	GlobalSection(SolutionProperties) = preSolution
		HideSolutionNode = FALSE
	EndGlobalSection
	GlobalSection(ExtensibilityGlobals) = postSolution
		SolutionGuid = {4F0EC34D-0E6E-44F6-86D9-1552088904AF}
	EndGlobalSection
EndGlobal
